// !$*UTF8*$!
{
	archiveVersion = 1;
	classes = {
	};
	objectVersion = 50;
	objects = {

/* Begin PBXBuildFile section */
		79A7839D25D4BD7400CE392E /* AppDelegate.swift in Sources */ = {isa = PBXBuildFile; fileRef = 79A7839C25D4BD7400CE392E /* AppDelegate.swift */; };
		79A7839F25D4BD7400CE392E /* SceneDelegate.swift in Sources */ = {isa = PBXBuildFile; fileRef = 79A7839E25D4BD7400CE392E /* SceneDelegate.swift */; };
		79A783A125D4BD7400CE392E /* ViewController.swift in Sources */ = {isa = PBXBuildFile; fileRef = 79A783A025D4BD7400CE392E /* ViewController.swift */; };
		79A783A425D4BD7400CE392E /* Main.storyboard in Resources */ = {isa = PBXBuildFile; fileRef = 79A783A225D4BD7400CE392E /* Main.storyboard */; };
		79A783A625D4BD7700CE392E /* Assets.xcassets in Resources */ = {isa = PBXBuildFile; fileRef = 79A783A525D4BD7700CE392E /* Assets.xcassets */; };
		79A783A925D4BD7700CE392E /* LaunchScreen.storyboard in Resources */ = {isa = PBXBuildFile; fileRef = 79A783A725D4BD7700CE392E /* LaunchScreen.storyboard */; };
		79A783B225D4BFD300CE392E /* QuizViewController.swift in Sources */ = {isa = PBXBuildFile; fileRef = 79A783B125D4BFD300CE392E /* QuizViewController.swift */; };
		79A783B525D4BFF300CE392E /* ResultViewController.swift in Sources */ = {isa = PBXBuildFile; fileRef = 79A783B425D4BFF300CE392E /* ResultViewController.swift */; };
		79A783BE25D5345A00CE392E /* awayuki.jpg in Resources */ = {isa = PBXBuildFile; fileRef = 79A783B825D5345A00CE392E /* awayuki.jpg */; };
		79A783BF25D5345A00CE392E /* asukaruby.jpg in Resources */ = {isa = PBXBuildFile; fileRef = 79A783B925D5345A00CE392E /* asukaruby.jpg */; };
		79A783C025D5345A00CE392E /* amaou.jpg in Resources */ = {isa = PBXBuildFile; fileRef = 79A783BA25D5345A00CE392E /* amaou.jpg */; };
		79A783C125D5345A00CE392E /* yumenoka.jpg in Resources */ = {isa = PBXBuildFile; fileRef = 79A783BB25D5345A00CE392E /* yumenoka.jpg */; };
		79A783C225D5345A00CE392E /* shinkunomisuzu.jpg in Resources */ = {isa = PBXBuildFile; fileRef = 79A783BC25D5345A00CE392E /* shinkunomisuzu.jpg */; };
		79A783C325D5345A00CE392E /* kotoka.jpg in Resources */ = {isa = PBXBuildFile; fileRef = 79A783BD25D5345A00CE392E /* kotoka.jpg */; };
/* End PBXBuildFile section */

/* Begin PBXFileReference section */
		79A7839925D4BD7400CE392E /* Quiz.app */ = {isa = PBXFileReference; explicitFileType = wrapper.application; includeInIndex = 0; path = Quiz.app; sourceTree = BUILT_PRODUCTS_DIR; };
		79A7839C25D4BD7400CE392E /* AppDelegate.swift */ = {isa = PBXFileReference; lastKnownFileType = sourcecode.swift; path = AppDelegate.swift; sourceTree = "<group>"; };
		79A7839E25D4BD7400CE392E /* SceneDelegate.swift */ = {isa = PBXFileReference; lastKnownFileType = sourcecode.swift; path = SceneDelegate.swift; sourceTree = "<group>"; };
		79A783A025D4BD7400CE392E /* ViewController.swift */ = {isa = PBXFileReference; lastKnownFileType = sourcecode.swift; path = ViewController.swift; sourceTree = "<group>"; };
		79A783A325D4BD7400CE392E /* Base */ = {isa = PBXFileReference; lastKnownFileType = file.storyboard; name = Base; path = Base.lproj/Main.storyboard; sourceTree = "<group>"; };
		79A783A525D4BD7700CE392E /* Assets.xcassets */ = {isa = PBXFileReference; lastKnownFileType = folder.assetcatalog; path = Assets.xcassets; sourceTree = "<group>"; };
		79A783A825D4BD7700CE392E /* Base */ = {isa = PBXFileReference; lastKnownFileType = file.storyboard; name = Base; path = Base.lproj/LaunchScreen.storyboard; sourceTree = "<group>"; };
		79A783AA25D4BD7700CE392E /* Info.plist */ = {isa = PBXFileReference; lastKnownFileType = text.plist.xml; path = Info.plist; sourceTree = "<group>"; };
		79A783B125D4BFD300CE392E /* QuizViewController.swift */ = {isa = PBXFileReference; lastKnownFileType = sourcecode.swift; path = QuizViewController.swift; sourceTree = "<group>"; };
		79A783B425D4BFF300CE392E /* ResultViewController.swift */ = {isa = PBXFileReference; lastKnownFileType = sourcecode.swift; path = ResultViewController.swift; sourceTree = "<group>"; };
		79A783B825D5345A00CE392E /* awayuki.jpg */ = {isa = PBXFileReference; lastKnownFileType = image.jpeg; path = awayuki.jpg; sourceTree = "<group>"; };
		79A783B925D5345A00CE392E /* asukaruby.jpg */ = {isa = PBXFileReference; lastKnownFileType = image.jpeg; path = asukaruby.jpg; sourceTree = "<group>"; };
		79A783BA25D5345A00CE392E /* amaou.jpg */ = {isa = PBXFileReference; lastKnownFileType = image.jpeg; path = amaou.jpg; sourceTree = "<group>"; };
		79A783BB25D5345A00CE392E /* yumenoka.jpg */ = {isa = PBXFileReference; lastKnownFileType = image.jpeg; path = yumenoka.jpg; sourceTree = "<group>"; };
		79A783BC25D5345A00CE392E /* shinkunomisuzu.jpg */ = {isa = PBXFileReference; lastKnownFileType = image.jpeg; path = shinkunomisuzu.jpg; sourceTree = "<group>"; };
		79A783BD25D5345A00CE392E /* kotoka.jpg */ = {isa = PBXFileReference; lastKnownFileType = image.jpeg; path = kotoka.jpg; sourceTree = "<group>"; };
/* End PBXFileReference section */

/* Begin PBXFrameworksBuildPhase section */
		79A7839625D4BD7400CE392E /* Frameworks */ = {
			isa = PBXFrameworksBuildPhase;
			buildActionMask = 2147483647;
			files = (
			);
			runOnlyForDeploymentPostprocessing = 0;
		};
/* End PBXFrameworksBuildPhase section */

/* Begin PBXGroup section */
		79A7839025D4BD7400CE392E = {
			isa = PBXGroup;
			children = (
				79A7839B25D4BD7400CE392E /* Quiz */,
				79A7839A25D4BD7400CE392E /* Products */,
			);
			sourceTree = "<group>";
		};
		79A7839A25D4BD7400CE392E /* Products */ = {
			isa = PBXGroup;
			children = (
				79A7839925D4BD7400CE392E /* Quiz.app */,
			);
			name = Products;
			sourceTree = "<group>";
		};
		79A7839B25D4BD7400CE392E /* Quiz */ = {
			isa = PBXGroup;
			children = (
				79A783B725D5345A00CE392E /* Quiz_Resources */,
				79A7839C25D4BD7400CE392E /* AppDelegate.swift */,
				79A7839E25D4BD7400CE392E /* SceneDelegate.swift */,
				79A783A025D4BD7400CE392E /* ViewController.swift */,
				79A783A225D4BD7400CE392E /* Main.storyboard */,
				79A783A525D4BD7700CE392E /* Assets.xcassets */,
				79A783A725D4BD7700CE392E /* LaunchScreen.storyboard */,
				79A783AA25D4BD7700CE392E /* Info.plist */,
				79A783B125D4BFD300CE392E /* QuizViewController.swift */,
				79A783B425D4BFF300CE392E /* ResultViewController.swift */,
			);
			path = Quiz;
			sourceTree = "<group>";
		};
		79A783B725D5345A00CE392E /* Quiz_Resources */ = {
			isa = PBXGroup;
			children = (
				79A783B825D5345A00CE392E /* awayuki.jpg */,
				79A783B925D5345A00CE392E /* asukaruby.jpg */,
				79A783BA25D5345A00CE392E /* amaou.jpg */,
				79A783BB25D5345A00CE392E /* yumenoka.jpg */,
				79A783BC25D5345A00CE392E /* shinkunomisuzu.jpg */,
				79A783BD25D5345A00CE392E /* kotoka.jpg */,
			);
			path = Quiz_Resources;
			sourceTree = "<group>";
		};
/* End PBXGroup section */

/* Begin PBXNativeTarget section */
		79A7839825D4BD7400CE392E /* Quiz */ = {
			isa = PBXNativeTarget;
			buildConfigurationList = 79A783AD25D4BD7700CE392E /* Build configuration list for PBXNativeTarget "Quiz" */;
			buildPhases = (
				79A7839525D4BD7400CE392E /* Sources */,
				79A7839625D4BD7400CE392E /* Frameworks */,
				79A7839725D4BD7400CE392E /* Resources */,
			);
			buildRules = (
			);
			dependencies = (
			);
			name = Quiz;
			productName = Quiz;
			productReference = 79A7839925D4BD7400CE392E /* Quiz.app */;
			productType = "com.apple.product-type.application";
		};
/* End PBXNativeTarget section */

/* Begin PBXProject section */
		79A7839125D4BD7400CE392E /* Project object */ = {
			isa = PBXProject;
			attributes = {
				LastSwiftUpdateCheck = 1240;
				LastUpgradeCheck = 1240;
				TargetAttributes = {
					79A7839825D4BD7400CE392E = {
						CreatedOnToolsVersion = 12.4;
					};
				};
			};
			buildConfigurationList = 79A7839425D4BD7400CE392E /* Build configuration list for PBXProject "Quiz" */;
			compatibilityVersion = "Xcode 9.3";
			developmentRegion = en;
			hasScannedForEncodings = 0;
			knownRegions = (
				en,
				Base,
			);
			mainGroup = 79A7839025D4BD7400CE392E;
			productRefGroup = 79A7839A25D4BD7400CE392E /* Products */;
			projectDirPath = "";
			projectRoot = "";
			targets = (
				79A7839825D4BD7400CE392E /* Quiz */,
			);
		};
/* End PBXProject section */

/* Begin PBXResourcesBuildPhase section */
		79A7839725D4BD7400CE392E /* Resources */ = {
			isa = PBXResourcesBuildPhase;
			buildActionMask = 2147483647;
			files = (
				79A783C125D5345A00CE392E /* yumenoka.jpg in Resources */,
				79A783A925D4BD7700CE392E /* LaunchScreen.storyboard in Resources */,
				79A783BE25D5345A00CE392E /* awayuki.jpg in Resources */,
				79A783BF25D5345A00CE392E /* asukaruby.jpg in Resources */,
				79A783A625D4BD7700CE392E /* Assets.xcassets in Resources */,
				79A783C225D5345A00CE392E /* shinkunomisuzu.jpg in Resources */,
				79A783C325D5345A00CE392E /* kotoka.jpg in Resources */,
				79A783A425D4BD7400CE392E /* Main.storyboard in Resources */,
				79A783C025D5345A00CE392E /* amaou.jpg in Resources */,
			);
			runOnlyForDeploymentPostprocessing = 0;
		};
/* End PBXResourcesBuildPhase section */

/* Begin PBXSourcesBuildPhase section */
		79A7839525D4BD7400CE392E /* Sources */ = {
			isa = PBXSourcesBuildPhase;
			buildActionMask = 2147483647;
			files = (
				79A783B525D4BFF300CE392E /* ResultViewController.swift in Sources */,
				79A783A125D4BD7400CE392E /* ViewController.swift in Sources */,
				79A7839D25D4BD7400CE392E /* AppDelegate.swift in Sources */,
				79A7839F25D4BD7400CE392E /* SceneDelegate.swift in Sources */,
				79A783B225D4BFD300CE392E /* QuizViewController.swift in Sources */,
			);
			runOnlyForDeploymentPostprocessing = 0;
		};
/* End PBXSourcesBuildPhase section */

/* Begin PBXVariantGroup section */
		79A783A225D4BD7400CE392E /* Main.storyboard */ = {
			isa = PBXVariantGroup;
			children = (
				79A783A325D4BD7400CE392E /* Base */,
			);
			name = Main.storyboard;
			sourceTree = "<group>";
		};
		79A783A725D4BD7700CE392E /* LaunchScreen.storyboard */ = {
			isa = PBXVariantGroup;
			children = (
				79A783A825D4BD7700CE392E /* Base */,
			);
			name = LaunchScreen.storyboard;
			sourceTree = "<group>";
		};
/* End PBXVariantGroup section */

/* Begin XCBuildConfiguration section */
		79A783AB25D4BD7700CE392E /* Debug */ = {
			isa = XCBuildConfiguration;
			buildSettings = {
				ALWAYS_SEARCH_USER_PATHS = NO;
				CLANG_ANALYZER_NONNULL = YES;
				CLANG_ANALYZER_NUMBER_OBJECT_CONVERSION = YES_AGGRESSIVE;
				CLANG_CXX_LANGUAGE_STANDARD = "gnu++14";
				CLANG_CXX_LIBRARY = "libc++";
				CLANG_ENABLE_MODULES = YES;
				CLANG_ENABLE_OBJC_ARC = YES;
				CLANG_ENABLE_OBJC_WEAK = YES;
				CLANG_WARN_BLOCK_CAPTURE_AUTORELEASING = YES;
				CLANG_WARN_BOOL_CONVERSION = YES;
				CLANG_WARN_COMMA = YES;
				CLANG_WARN_CONSTANT_CONVERSION = YES;
				CLANG_WARN_DEPRECATED_OBJC_IMPLEMENTATIONS = YES;
				CLANG_WARN_DIRECT_OBJC_ISA_USAGE = YES_ERROR;
				CLANG_WARN_DOCUMENTATION_COMMENTS = YES;
				CLANG_WARN_EMPTY_BODY = YES;
				CLANG_WARN_ENUM_CONVERSION = YES;
				CLANG_WARN_INFINITE_RECURSION = YES;
				CLANG_WARN_INT_CONVERSION = YES;
				CLANG_WARN_NON_LITERAL_NULL_CONVERSION = YES;
				CLANG_WARN_OBJC_IMPLICIT_RETAIN_SELF = YES;
				CLANG_WARN_OBJC_LITERAL_CONVERSION = YES;
				CLANG_WARN_OBJC_ROOT_CLASS = YES_ERROR;
				CLANG_WARN_QUOTED_INCLUDE_IN_FRAMEWORK_HEADER = YES;
				CLANG_WARN_RANGE_LOOP_ANALYSIS = YES;
				CLANG_WARN_STRICT_PROTOTYPES = YES;
				CLANG_WARN_SUSPICIOUS_MOVE = YES;
				CLANG_WARN_UNGUARDED_AVAILABILITY = YES_AGGRESSIVE;
				CLANG_WARN_UNREACHABLE_CODE = YES;
				CLANG_WARN__DUPLICATE_METHOD_MATCH = YES;
				COPY_PHASE_STRIP = NO;
				DEBUG_INFORMATION_FORMAT = dwarf;
				ENABLE_STRICT_OBJC_MSGSEND = YES;
				ENABLE_TESTABILITY = YES;
				GCC_C_LANGUAGE_STANDARD = gnu11;
				GCC_DYNAMIC_NO_PIC = NO;
				GCC_NO_COMMON_BLOCKS = YES;
				GCC_OPTIMIZATION_LEVEL = 0;
				GCC_PREPROCESSOR_DEFINITIONS = (
					"DEBUG=1",
					"$(inherited)",
				);
				GCC_WARN_64_TO_32_BIT_CONVERSION = YES;
				GCC_WARN_ABOUT_RETURN_TYPE = YES_ERROR;
				GCC_WARN_UNDECLARED_SELECTOR = YES;
				GCC_WARN_UNINITIALIZED_AUTOS = YES_AGGRESSIVE;
				GCC_WARN_UNUSED_FUNCTION = YES;
				GCC_WARN_UNUSED_VARIABLE = YES;
				IPHONEOS_DEPLOYMENT_TARGET = 14.4;
				MTL_ENABLE_DEBUG_INFO = INCLUDE_SOURCE;
				MTL_FAST_MATH = YES;
				ONLY_ACTIVE_ARCH = YES;
				SDKROOT = iphoneos;
				SWIFT_ACTIVE_COMPILATION_CONDITIONS = DEBUG;
				SWIFT_OPTIMIZATION_LEVEL = "-Onone";
			};
			name = Debug;
		};
		79A783AC25D4BD7700CE392E /* Release */ = {
			isa = XCBuildConfiguration;
			buildSettings = {
				ALWAYS_SEARCH_USER_PATHS = NO;
				CLANG_ANALYZER_NONNULL = YES;
				CLANG_ANALYZER_NUMBER_OBJECT_CONVERSION = YES_AGGRESSIVE;
				CLANG_CXX_LANGUAGE_STANDARD = "gnu++14";
				CLANG_CXX_LIBRARY = "libc++";
				CLANG_ENABLE_MODULES = YES;
				CLANG_ENABLE_OBJC_ARC = YES;
				CLANG_ENABLE_OBJC_WEAK = YES;
				CLANG_WARN_BLOCK_CAPTURE_AUTORELEASING = YES;
				CLANG_WARN_BOOL_CONVERSION = YES;
				CLANG_WARN_COMMA = YES;
				CLANG_WARN_CONSTANT_CONVERSION = YES;
				CLANG_WARN_DEPRECATED_OBJC_IMPLEMENTATIONS = YES;
				CLANG_WARN_DIRECT_OBJC_ISA_USAGE = YES_ERROR;
				CLANG_WARN_DOCUMENTATION_COMMENTS = YES;
				CLANG_WARN_EMPTY_BODY = YES;
				CLANG_WARN_ENUM_CONVERSION = YES;
				CLANG_WARN_INFINITE_RECURSION = YES;
				CLANG_WARN_INT_CONVERSION = YES;
				CLANG_WARN_NON_LITERAL_NULL_CONVERSION = YES;
				CLANG_WARN_OBJC_IMPLICIT_RETAIN_SELF = YES;
				CLANG_WARN_OBJC_LITERAL_CONVERSION = YES;
				CLANG_WARN_OBJC_ROOT_CLASS = YES_ERROR;
				CLANG_WARN_QUOTED_INCLUDE_IN_FRAMEWORK_HEADER = YES;
				CLANG_WARN_RANGE_LOOP_ANALYSIS = YES;
				CLANG_WARN_STRICT_PROTOTYPES = YES;
				CLANG_WARN_SUSPICIOUS_MOVE = YES;
				CLANG_WARN_UNGUARDED_AVAILABILITY = YES_AGGRESSIVE;
				CLANG_WARN_UNREACHABLE_CODE = YES;
				CLANG_WARN__DUPLICATE_METHOD_MATCH = YES;
				COPY_PHASE_STRIP = NO;
				DEBUG_INFORMATION_FORMAT = "dwarf-with-dsym";
				ENABLE_NS_ASSERTIONS = NO;
				ENABLE_STRICT_OBJC_MSGSEND = YES;
				GCC_C_LANGUAGE_STANDARD = gnu11;
				GCC_NO_COMMON_BLOCKS = YES;
				GCC_WARN_64_TO_32_BIT_CONVERSION = YES;
				GCC_WARN_ABOUT_RETURN_TYPE = YES_ERROR;
				GCC_WARN_UNDECLARED_SELECTOR = YES;
				GCC_WARN_UNINITIALIZED_AUTOS = YES_AGGRESSIVE;
				GCC_WARN_UNUSED_FUNCTION = YES;
				GCC_WARN_UNUSED_VARIABLE = YES;
				IPHONEOS_DEPLOYMENT_TARGET = 14.4;
				MTL_ENABLE_DEBUG_INFO = NO;
				MTL_FAST_MATH = YES;
				SDKROOT = iphoneos;
				SWIFT_COMPILATION_MODE = wholemodule;
				SWIFT_OPTIMIZATION_LEVEL = "-O";
				VALIDATE_PRODUCT = YES;
			};
			name = Release;
		};
		79A783AE25D4BD7700CE392E /* Debug */ = {
			isa = XCBuildConfiguration;
			buildSettings = {
				ASSETCATALOG_COMPILER_APPICON_NAME = AppIcon;
				ASSETCATALOG_COMPILER_GLOBAL_ACCENT_COLOR_NAME = AccentColor;
				CODE_SIGN_STYLE = Automatic;
				DEVELOPMENT_TEAM = 5KRPZ4VFR6;
				INFOPLIST_FILE = Quiz/Info.plist;
				LD_RUNPATH_SEARCH_PATHS = (
					"$(inherited)",
					"@executable_path/Frameworks",
				);
				PRODUCT_BUNDLE_IDENTIFIER = app.sakai.tororoimo.Quiz;
				PRODUCT_NAME = "$(TARGET_NAME)";
				SWIFT_VERSION = 5.0;
				TARGETED_DEVICE_FAMILY = "1,2";
			};
			name = Debug;
		};
		79A783AF25D4BD7700CE392E /* Release */ = {
			isa = XCBuildConfiguration;
			buildSettings = {
				ASSETCATALOG_COMPILER_APPICON_NAME = AppIcon;
				ASSETCATALOG_COMPILER_GLOBAL_ACCENT_COLOR_NAME = AccentColor;
				CODE_SIGN_STYLE = Automatic;
				DEVELOPMENT_TEAM = 5KRPZ4VFR6;
				INFOPLIST_FILE = Quiz/Info.plist;
				LD_RUNPATH_SEARCH_PATHS = (
					"$(inherited)",
					"@executable_path/Frameworks",
				);
				PRODUCT_BUNDLE_IDENTIFIER = app.sakai.tororoimo.Quiz;
				PRODUCT_NAME = "$(TARGET_NAME)";
				SWIFT_VERSION = 5.0;
				TARGETED_DEVICE_FAMILY = "1,2";
			};
			name = Release;
		};
/* End XCBuildConfiguration section */

/* Begin XCConfigurationList section */
		79A7839425D4BD7400CE392E /* Build configuration list for PBXProject "Quiz" */ = {
			isa = XCConfigurationList;
			buildConfigurations = (
				79A783AB25D4BD7700CE392E /* Debug */,
				79A783AC25D4BD7700CE392E /* Release */,
			);
			defaultConfigurationIsVisible = 0;
			defaultConfigurationName = Release;
		};
		79A783AD25D4BD7700CE392E /* Build configuration list for PBXNativeTarget "Quiz" */ = {
			isa = XCConfigurationList;
			buildConfigurations = (
				79A783AE25D4BD7700CE392E /* Debug */,
				79A783AF25D4BD7700CE392E /* Release */,
			);
			defaultConfigurationIsVisible = 0;
			defaultConfigurationName = Release;
		};
/* End XCConfigurationList section */
	};
	rootObject = 79A7839125D4BD7400CE392E /* Project object */;
}
